
Microsoft Visual Studio Solution File, Format Version 12.00
# Visual Studio Version 17
VisualStudioVersion = 17.11.35312.102
MinimumVisualStudioVersion = 10.0.40219.1
Project("{FAE04EC0-301F-11D3-BF4B-00C04F79EFBC}") = "Homework16", "Homework16\Homework16.csproj", "{630F6F46-C401-493C-894B-5BF4A13EEE3E}"
EndProject
Global
	GlobalSection(SolutionConfigurationPlatforms) = preSolution
		Debug|Any CPU = Debug|Any CPU
		Release|Any CPU = Release|Any CPU
	EndGlobalSection
	GlobalSection(ProjectConfigurationPlatforms) = postSolution
		{630F6F46-C401-493C-894B-5BF4A13EEE3E}.Debug|Any CPU.ActiveCfg = Debug|Any CPU
		{630F6F46-C401-493C-894B-5BF4A13EEE3E}.Debug|Any CPU.Build.0 = Debug|Any CPU
		{630F6F46-C401-493C-894B-5BF4A13EEE3E}.Release|Any CPU.ActiveCfg = Release|Any CPU
		{630F6F46-C401-493C-894B-5BF4A13EEE3E}.Release|Any CPU.Build.0 = Release|Any CPU
	EndGlobalSection
	GlobalSection(SolutionProperties) = preSolution
		HideSolutionNode = FALSE
	EndGlobalSection
	GlobalSection(ExtensibilityGlobals) = postSolution
		SolutionGuid = {DA8AA2D0-D054-4355-AA42-9569F118A0D8}
	EndGlobalSection
EndGlobal
